
Microsoft Visual Studio Solution File, Format Version 12.00
# Visual Studio Version 16
VisualStudioVersion = 16.0.30128.74
MinimumVisualStudioVersion = 10.0.40219.1
Project("{FAE04EC0-301F-11D3-BF4B-00C04F79EFBC}") = "PDFViewerUWP_PDFTron", "PDFViewerUWPDemo\PDFViewerUWP_PDFTron.csproj", "{792122AD-AFBA-4A4D-8722-6CD5D78AF354}"
EndProject
Global
	GlobalSection(SolutionConfigurationPlatforms) = preSolution
		Debug|ARM = Debug|ARM
		Debug|ARM64 = Debug|ARM64
		Debug|x64 = Debug|x64
		Debug|x86 = Debug|x86
		Release|ARM = Release|ARM
		Release|ARM64 = Release|ARM64
		Release|x64 = Release|x64
		Release|x86 = Release|x86
	EndGlobalSection
	GlobalSection(ProjectConfigurationPlatforms) = postSolution
		{792122AD-AFBA-4A4D-8722-6CD5D78AF354}.Debug|ARM.ActiveCfg = Debug|ARM
		{792122AD-AFBA-4A4D-8722-6CD5D78AF354}.Debug|ARM.Build.0 = Debug|ARM
		{792122AD-AFBA-4A4D-8722-6CD5D78AF354}.Debug|ARM.Deploy.0 = Debug|ARM
		{792122AD-AFBA-4A4D-8722-6CD5D78AF354}.Debug|ARM64.ActiveCfg = Debug|ARM64
		{792122AD-AFBA-4A4D-8722-6CD5D78AF354}.Debug|ARM64.Build.0 = Debug|ARM64
		{792122AD-AFBA-4A4D-8722-6CD5D78AF354}.Debug|ARM64.Deploy.0 = Debug|ARM64
		{792122AD-AFBA-4A4D-8722-6CD5D78AF354}.Debug|x64.ActiveCfg = Debug|x64
		{792122AD-AFBA-4A4D-8722-6CD5D78AF354}.Debug|x64.Build.0 = Debug|x64
		{792122AD-AFBA-4A4D-8722-6CD5D78AF354}.Debug|x64.Deploy.0 = Debug|x64
		{792122AD-AFBA-4A4D-8722-6CD5D78AF354}.Debug|x86.ActiveCfg = Debug|x86
		{792122AD-AFBA-4A4D-8722-6CD5D78AF354}.Debug|x86.Build.0 = Debug|x86
		{792122AD-AFBA-4A4D-8722-6CD5D78AF354}.Debug|x86.Deploy.0 = Debug|x86
		{792122AD-AFBA-4A4D-8722-6CD5D78AF354}.Release|ARM.ActiveCfg = Release|ARM
		{792122AD-AFBA-4A4D-8722-6CD5D78AF354}.Release|ARM.Build.0 = Release|ARM
		{792122AD-AFBA-4A4D-8722-6CD5D78AF354}.Release|ARM.Deploy.0 = Release|ARM
		{792122AD-AFBA-4A4D-8722-6CD5D78AF354}.Release|ARM64.ActiveCfg = Release|ARM64
		{792122AD-AFBA-4A4D-8722-6CD5D78AF354}.Release|ARM64.Build.0 = Release|ARM64
		{792122AD-AFBA-4A4D-8722-6CD5D78AF354}.Release|ARM64.Deploy.0 = Release|ARM64
		{792122AD-AFBA-4A4D-8722-6CD5D78AF354}.Release|x64.ActiveCfg = Release|x64
		{792122AD-AFBA-4A4D-8722-6CD5D78AF354}.Release|x64.Build.0 = Release|x64
		{792122AD-AFBA-4A4D-8722-6CD5D78AF354}.Release|x64.Deploy.0 = Release|x64
		{792122AD-AFBA-4A4D-8722-6CD5D78AF354}.Release|x86.ActiveCfg = Release|x86
		{792122AD-AFBA-4A4D-8722-6CD5D78AF354}.Release|x86.Build.0 = Release|x86
		{792122AD-AFBA-4A4D-8722-6CD5D78AF354}.Release|x86.Deploy.0 = Release|x86
	EndGlobalSection
	GlobalSection(SolutionProperties) = preSolution
		HideSolutionNode = FALSE
	EndGlobalSection
	GlobalSection(ExtensibilityGlobals) = postSolution
		SolutionGuid = {BB63936C-B1F0-4B48-9887-4E3634183E29}
	EndGlobalSection
EndGlobal
