
Microsoft Visual Studio Solution File, Format Version 12.00
# Visual Studio Version 16
VisualStudioVersion = 16.0.30804.86
MinimumVisualStudioVersion = 10.0.40219.1
Project("{FAE04EC0-301F-11D3-BF4B-00C04F79EFBC}") = "PDFViewerBarcode", "PDFViewerBarcode\PDFViewerBarcode.csproj", "{8E4E0883-7379-409D-99B0-64E8684683AA}"
EndProject
Global
	GlobalSection(SolutionConfigurationPlatforms) = preSolution
		Debug|ARM = Debug|ARM
		Debug|ARM64 = Debug|ARM64
		Debug|x64 = Debug|x64
		Debug|x86 = Debug|x86
		Release|ARM = Release|ARM
		Release|ARM64 = Release|ARM64
		Release|x64 = Release|x64
		Release|x86 = Release|x86
	EndGlobalSection
	GlobalSection(ProjectConfigurationPlatforms) = postSolution
		{8E4E0883-7379-409D-99B0-64E8684683AA}.Debug|ARM.ActiveCfg = Debug|ARM
		{8E4E0883-7379-409D-99B0-64E8684683AA}.Debug|ARM.Build.0 = Debug|ARM
		{8E4E0883-7379-409D-99B0-64E8684683AA}.Debug|ARM.Deploy.0 = Debug|ARM
		{8E4E0883-7379-409D-99B0-64E8684683AA}.Debug|ARM64.ActiveCfg = Debug|ARM64
		{8E4E0883-7379-409D-99B0-64E8684683AA}.Debug|ARM64.Build.0 = Debug|ARM64
		{8E4E0883-7379-409D-99B0-64E8684683AA}.Debug|ARM64.Deploy.0 = Debug|ARM64
		{8E4E0883-7379-409D-99B0-64E8684683AA}.Debug|x64.ActiveCfg = Debug|x64
		{8E4E0883-7379-409D-99B0-64E8684683AA}.Debug|x64.Build.0 = Debug|x64
		{8E4E0883-7379-409D-99B0-64E8684683AA}.Debug|x64.Deploy.0 = Debug|x64
		{8E4E0883-7379-409D-99B0-64E8684683AA}.Debug|x86.ActiveCfg = Debug|x86
		{8E4E0883-7379-409D-99B0-64E8684683AA}.Debug|x86.Build.0 = Debug|x86
		{8E4E0883-7379-409D-99B0-64E8684683AA}.Debug|x86.Deploy.0 = Debug|x86
		{8E4E0883-7379-409D-99B0-64E8684683AA}.Release|ARM.ActiveCfg = Release|ARM
		{8E4E0883-7379-409D-99B0-64E8684683AA}.Release|ARM.Build.0 = Release|ARM
		{8E4E0883-7379-409D-99B0-64E8684683AA}.Release|ARM.Deploy.0 = Release|ARM
		{8E4E0883-7379-409D-99B0-64E8684683AA}.Release|ARM64.ActiveCfg = Release|ARM64
		{8E4E0883-7379-409D-99B0-64E8684683AA}.Release|ARM64.Build.0 = Release|ARM64
		{8E4E0883-7379-409D-99B0-64E8684683AA}.Release|ARM64.Deploy.0 = Release|ARM64
		{8E4E0883-7379-409D-99B0-64E8684683AA}.Release|x64.ActiveCfg = Release|x64
		{8E4E0883-7379-409D-99B0-64E8684683AA}.Release|x64.Build.0 = Release|x64
		{8E4E0883-7379-409D-99B0-64E8684683AA}.Release|x64.Deploy.0 = Release|x64
		{8E4E0883-7379-409D-99B0-64E8684683AA}.Release|x86.ActiveCfg = Release|x86
		{8E4E0883-7379-409D-99B0-64E8684683AA}.Release|x86.Build.0 = Release|x86
		{8E4E0883-7379-409D-99B0-64E8684683AA}.Release|x86.Deploy.0 = Release|x86
	EndGlobalSection
	GlobalSection(SolutionProperties) = preSolution
		HideSolutionNode = FALSE
	EndGlobalSection
	GlobalSection(ExtensibilityGlobals) = postSolution
		SolutionGuid = {2C6F3F12-DB98-4440-A152-8E28A0799BD5}
	EndGlobalSection
EndGlobal
