
Microsoft Visual Studio Solution File, Format Version 12.00
# Visual Studio Version 16
VisualStudioVersion = 16.0.30907.101
MinimumVisualStudioVersion = 10.0.40219.1
Project("{FAE04EC0-301F-11D3-BF4B-00C04F79EFBC}") = "PDFCompare", "PDFCompare\PDFCompare.csproj", "{BE806887-2B00-44D1-9DCE-9675393716C7}"
EndProject
Global
	GlobalSection(SolutionConfigurationPlatforms) = preSolution
		Debug|ARM = Debug|ARM
		Debug|ARM64 = Debug|ARM64
		Debug|x64 = Debug|x64
		Debug|x86 = Debug|x86
		Release|ARM = Release|ARM
		Release|ARM64 = Release|ARM64
		Release|x64 = Release|x64
		Release|x86 = Release|x86
		RelWithDebInfo|ARM = RelWithDebInfo|ARM
		RelWithDebInfo|ARM64 = RelWithDebInfo|ARM64
		RelWithDebInfo|x64 = RelWithDebInfo|x64
		RelWithDebInfo|x86 = RelWithDebInfo|x86
	EndGlobalSection
	GlobalSection(ProjectConfigurationPlatforms) = postSolution
		{BE806887-2B00-44D1-9DCE-9675393716C7}.Debug|ARM.ActiveCfg = Debug|ARM
		{BE806887-2B00-44D1-9DCE-9675393716C7}.Debug|ARM.Build.0 = Debug|ARM
		{BE806887-2B00-44D1-9DCE-9675393716C7}.Debug|ARM.Deploy.0 = Debug|ARM
		{BE806887-2B00-44D1-9DCE-9675393716C7}.Debug|ARM64.ActiveCfg = Debug|ARM64
		{BE806887-2B00-44D1-9DCE-9675393716C7}.Debug|ARM64.Build.0 = Debug|ARM64
		{BE806887-2B00-44D1-9DCE-9675393716C7}.Debug|ARM64.Deploy.0 = Debug|ARM64
		{BE806887-2B00-44D1-9DCE-9675393716C7}.Debug|x64.ActiveCfg = Debug|x64
		{BE806887-2B00-44D1-9DCE-9675393716C7}.Debug|x64.Build.0 = Debug|x64
		{BE806887-2B00-44D1-9DCE-9675393716C7}.Debug|x64.Deploy.0 = Debug|x64
		{BE806887-2B00-44D1-9DCE-9675393716C7}.Debug|x86.ActiveCfg = Debug|x86
		{BE806887-2B00-44D1-9DCE-9675393716C7}.Debug|x86.Build.0 = Debug|x86
		{BE806887-2B00-44D1-9DCE-9675393716C7}.Debug|x86.Deploy.0 = Debug|x86
		{BE806887-2B00-44D1-9DCE-9675393716C7}.Release|ARM.ActiveCfg = Release|ARM
		{BE806887-2B00-44D1-9DCE-9675393716C7}.Release|ARM.Build.0 = Release|ARM
		{BE806887-2B00-44D1-9DCE-9675393716C7}.Release|ARM.Deploy.0 = Release|ARM
		{BE806887-2B00-44D1-9DCE-9675393716C7}.Release|ARM64.ActiveCfg = Release|ARM64
		{BE806887-2B00-44D1-9DCE-9675393716C7}.Release|ARM64.Build.0 = Release|ARM64
		{BE806887-2B00-44D1-9DCE-9675393716C7}.Release|ARM64.Deploy.0 = Release|ARM64
		{BE806887-2B00-44D1-9DCE-9675393716C7}.Release|x64.ActiveCfg = Release|x64
		{BE806887-2B00-44D1-9DCE-9675393716C7}.Release|x64.Build.0 = Release|x64
		{BE806887-2B00-44D1-9DCE-9675393716C7}.Release|x64.Deploy.0 = Release|x64
		{BE806887-2B00-44D1-9DCE-9675393716C7}.Release|x86.ActiveCfg = Release|x86
		{BE806887-2B00-44D1-9DCE-9675393716C7}.Release|x86.Build.0 = Release|x86
		{BE806887-2B00-44D1-9DCE-9675393716C7}.Release|x86.Deploy.0 = Release|x86
		{BE806887-2B00-44D1-9DCE-9675393716C7}.RelWithDebInfo|ARM.ActiveCfg = Release|ARM
		{BE806887-2B00-44D1-9DCE-9675393716C7}.RelWithDebInfo|ARM.Build.0 = Release|ARM
		{BE806887-2B00-44D1-9DCE-9675393716C7}.RelWithDebInfo|ARM.Deploy.0 = Release|ARM
		{BE806887-2B00-44D1-9DCE-9675393716C7}.RelWithDebInfo|ARM64.ActiveCfg = Release|ARM64
		{BE806887-2B00-44D1-9DCE-9675393716C7}.RelWithDebInfo|ARM64.Build.0 = Release|ARM64
		{BE806887-2B00-44D1-9DCE-9675393716C7}.RelWithDebInfo|ARM64.Deploy.0 = Release|ARM64
		{BE806887-2B00-44D1-9DCE-9675393716C7}.RelWithDebInfo|x64.ActiveCfg = Release|x64
		{BE806887-2B00-44D1-9DCE-9675393716C7}.RelWithDebInfo|x64.Build.0 = Release|x64
		{BE806887-2B00-44D1-9DCE-9675393716C7}.RelWithDebInfo|x64.Deploy.0 = Release|x64
		{BE806887-2B00-44D1-9DCE-9675393716C7}.RelWithDebInfo|x86.ActiveCfg = Release|x86
		{BE806887-2B00-44D1-9DCE-9675393716C7}.RelWithDebInfo|x86.Build.0 = Release|x86
		{BE806887-2B00-44D1-9DCE-9675393716C7}.RelWithDebInfo|x86.Deploy.0 = Release|x86
	EndGlobalSection
	GlobalSection(SolutionProperties) = preSolution
		HideSolutionNode = FALSE
	EndGlobalSection
	GlobalSection(ExtensibilityGlobals) = postSolution
		SolutionGuid = {B643B10B-49A9-440C-9955-316BDB711970}
	EndGlobalSection
EndGlobal
